// !$*UTF8*$!
{
	archiveVersion = 1;
	classes = {
	};
	objectVersion = 77;
	objects = {

/* Begin PBXBuildFile section */
		05DF5E16F2A79491B02FB33C /* CartManager.swift in Sources */ = {isa = PBXBuildFile; fileRef = F25AAA022ACD92DD56AD49F2 /* CartManager.swift */; };
		0F7B43BC17E2FC92062A77BA /* TextProcessingScreen.swift in Sources */ = {isa = PBXBuildFile; fileRef = D844A236861C15BACD90E93C /* TextProcessingScreen.swift */; };
		1C8AEB179CB61703D7D05DA5 /* ItineraryModels.swift in Sources */ = {isa = PBXBuildFile; fileRef = 5EB569A5DF47389B180DD45B /* ItineraryModels.swift */; };
		1CE9452D8E045A5B19F6C549 /* ImageAnalysisService.swift in Sources */ = {isa = PBXBuildFile; fileRef = 1777DBB3D019E858541797FD /* ImageAnalysisService.swift */; };
		2A1E18EAD331FEB47EC145BD /* ItineraryHistoryScreen.swift in Sources */ = {isa = PBXBuildFile; fileRef = 530723569478FBF7198B634B /* ItineraryHistoryScreen.swift */; };
		3E192D36DE33A7449561A5CF /* UploadFlowScreen.swift in Sources */ = {isa = PBXBuildFile; fileRef = 5E5CAB20121F1044A2BA31D1 /* UploadFlowScreen.swift */; };
		60584899C76FA8A00E259F44 /* FoodHomeScreen.swift in Sources */ = {isa = PBXBuildFile; fileRef = 32CD830ECC78979127B2516C /* FoodHomeScreen.swift */; };
		645D54435A106434E222F533 /* ItineraryTypeScreen.swift in Sources */ = {isa = PBXBuildFile; fileRef = 91FC696328F959E184EAF001 /* ItineraryTypeScreen.swift */; };
		6C0E17439243A842A2F7078B /* CartScreen.swift in Sources */ = {isa = PBXBuildFile; fileRef = 43BE127BE8270D8484018203 /* CartScreen.swift */; };
		6F687A2946D4265C3F836921 /* MainTabView.swift in Sources */ = {isa = PBXBuildFile; fileRef = 051F234CAE022E1BEFCACA26 /* MainTabView.swift */; };
		70A31D171A8F0FC197039125 /* ChatFlowScreen.swift in Sources */ = {isa = PBXBuildFile; fileRef = D8FE060F7C9CE1BD95CF456E /* ChatFlowScreen.swift */; };
		8048841506072F98E568FAC6 /* DistrictApp.swift in Sources */ = {isa = PBXBuildFile; fileRef = 10B6353EF928686E47B84DCD /* DistrictApp.swift */; };
		826AA212582629DF71578248 /* PasteTextScreen.swift in Sources */ = {isa = PBXBuildFile; fileRef = 1934F13CFAD1B2C50F31869B /* PasteTextScreen.swift */; };
		8DE36FF5CAECAB2D4FA42350 /* RestaurantDetailScreen.swift in Sources */ = {isa = PBXBuildFile; fileRef = 517BE874E501AEB48881B8C7 /* RestaurantDetailScreen.swift */; };
		A367FA004015D504789449DE /* ItineraryResultScreen.swift in Sources */ = {isa = PBXBuildFile; fileRef = CDF3EE98592638D27438F6F6 /* ItineraryResultScreen.swift */; };
		BC4E8A8C6738CFB0907BBF55 /* ItineraryMapView.swift in Sources */ = {isa = PBXBuildFile; fileRef = 649867AA9B371F9DFEBFA1D6 /* ItineraryMapView.swift */; };
		BD2C0525F53825FB128F446D /* PlannerTabScreen.swift in Sources */ = {isa = PBXBuildFile; fileRef = DC97E5C27FF6663E36FA0B43 /* PlannerTabScreen.swift */; };
		D08704A274B9D67AE537F9B8 /* ItineraryStore.swift in Sources */ = {isa = PBXBuildFile; fileRef = 32EBB4A80E9C9685323F3D7D /* ItineraryStore.swift */; };
		DD640419286388DEE789DCAA /* Theme.swift in Sources */ = {isa = PBXBuildFile; fileRef = 1698D9C3683FB272D2C39827 /* Theme.swift */; };
/* End PBXBuildFile section */

/* Begin PBXFileReference section */
		051F234CAE022E1BEFCACA26 /* MainTabView.swift */ = {isa = PBXFileReference; lastKnownFileType = sourcecode.swift; path = MainTabView.swift; sourceTree = "<group>"; };
		10B6353EF928686E47B84DCD /* DistrictApp.swift */ = {isa = PBXFileReference; lastKnownFileType = sourcecode.swift; path = DistrictApp.swift; sourceTree = "<group>"; };
		1698D9C3683FB272D2C39827 /* Theme.swift */ = {isa = PBXFileReference; lastKnownFileType = sourcecode.swift; path = Theme.swift; sourceTree = "<group>"; };
		1777DBB3D019E858541797FD /* ImageAnalysisService.swift */ = {isa = PBXFileReference; lastKnownFileType = sourcecode.swift; path = ImageAnalysisService.swift; sourceTree = "<group>"; };
		1934F13CFAD1B2C50F31869B /* PasteTextScreen.swift */ = {isa = PBXFileReference; lastKnownFileType = sourcecode.swift; path = PasteTextScreen.swift; sourceTree = "<group>"; };
		32CD830ECC78979127B2516C /* FoodHomeScreen.swift */ = {isa = PBXFileReference; lastKnownFileType = sourcecode.swift; path = FoodHomeScreen.swift; sourceTree = "<group>"; };
		32EBB4A80E9C9685323F3D7D /* ItineraryStore.swift */ = {isa = PBXFileReference; lastKnownFileType = sourcecode.swift; path = ItineraryStore.swift; sourceTree = "<group>"; };
		43BE127BE8270D8484018203 /* CartScreen.swift */ = {isa = PBXFileReference; lastKnownFileType = sourcecode.swift; path = CartScreen.swift; sourceTree = "<group>"; };
		517BE874E501AEB48881B8C7 /* RestaurantDetailScreen.swift */ = {isa = PBXFileReference; lastKnownFileType = sourcecode.swift; path = RestaurantDetailScreen.swift; sourceTree = "<group>"; };
		530723569478FBF7198B634B /* ItineraryHistoryScreen.swift */ = {isa = PBXFileReference; lastKnownFileType = sourcecode.swift; path = ItineraryHistoryScreen.swift; sourceTree = "<group>"; };
		5E5CAB20121F1044A2BA31D1 /* UploadFlowScreen.swift */ = {isa = PBXFileReference; lastKnownFileType = sourcecode.swift; path = UploadFlowScreen.swift; sourceTree = "<group>"; };
		5EB569A5DF47389B180DD45B /* ItineraryModels.swift */ = {isa = PBXFileReference; lastKnownFileType = sourcecode.swift; path = ItineraryModels.swift; sourceTree = "<group>"; };
		649867AA9B371F9DFEBFA1D6 /* ItineraryMapView.swift */ = {isa = PBXFileReference; lastKnownFileType = sourcecode.swift; path = ItineraryMapView.swift; sourceTree = "<group>"; };
		65326399E62444EB00FAEBB9 /* District.app */ = {isa = PBXFileReference; includeInIndex = 0; lastKnownFileType = wrapper.application; path = District.app; sourceTree = BUILT_PRODUCTS_DIR; };
		91FC696328F959E184EAF001 /* ItineraryTypeScreen.swift */ = {isa = PBXFileReference; lastKnownFileType = sourcecode.swift; path = ItineraryTypeScreen.swift; sourceTree = "<group>"; };
		CDF3EE98592638D27438F6F6 /* ItineraryResultScreen.swift */ = {isa = PBXFileReference; lastKnownFileType = sourcecode.swift; path = ItineraryResultScreen.swift; sourceTree = "<group>"; };
		D844A236861C15BACD90E93C /* TextProcessingScreen.swift */ = {isa = PBXFileReference; lastKnownFileType = sourcecode.swift; path = TextProcessingScreen.swift; sourceTree = "<group>"; };
		D8FE060F7C9CE1BD95CF456E /* ChatFlowScreen.swift */ = {isa = PBXFileReference; lastKnownFileType = sourcecode.swift; path = ChatFlowScreen.swift; sourceTree = "<group>"; };
		DC97E5C27FF6663E36FA0B43 /* PlannerTabScreen.swift */ = {isa = PBXFileReference; lastKnownFileType = sourcecode.swift; path = PlannerTabScreen.swift; sourceTree = "<group>"; };
		F25AAA022ACD92DD56AD49F2 /* CartManager.swift */ = {isa = PBXFileReference; lastKnownFileType = sourcecode.swift; path = CartManager.swift; sourceTree = "<group>"; };
/* End PBXFileReference section */

/* Begin PBXGroup section */
		3E4A7E32AD9EE96541897B7C = {
			isa = PBXGroup;
			children = (
				8733193378B16AAD1B928C1A /* Sources */,
				4916AC038372BAE02836EB2F /* Products */,
			);
			sourceTree = "<group>";
		};
		4916AC038372BAE02836EB2F /* Products */ = {
			isa = PBXGroup;
			children = (
				65326399E62444EB00FAEBB9 /* District.app */,
			);
			name = Products;
			sourceTree = "<group>";
		};
		8602F1390BF346C7CD1E1ADE /* Models */ = {
			isa = PBXGroup;
			children = (
				F25AAA022ACD92DD56AD49F2 /* CartManager.swift */,
				1777DBB3D019E858541797FD /* ImageAnalysisService.swift */,
				5EB569A5DF47389B180DD45B /* ItineraryModels.swift */,
				32EBB4A80E9C9685323F3D7D /* ItineraryStore.swift */,
			);
			path = Models;
			sourceTree = "<group>";
		};
		8733193378B16AAD1B928C1A /* Sources */ = {
			isa = PBXGroup;
			children = (
				10B6353EF928686E47B84DCD /* DistrictApp.swift */,
				1698D9C3683FB272D2C39827 /* Theme.swift */,
				8602F1390BF346C7CD1E1ADE /* Models */,
				A4BB2F029C06EF574CB1D5CC /* Views */,
			);
			path = Sources;
			sourceTree = "<group>";
		};
		A4BB2F029C06EF574CB1D5CC /* Views */ = {
			isa = PBXGroup;
			children = (
				43BE127BE8270D8484018203 /* CartScreen.swift */,
				D8FE060F7C9CE1BD95CF456E /* ChatFlowScreen.swift */,
				32CD830ECC78979127B2516C /* FoodHomeScreen.swift */,
				530723569478FBF7198B634B /* ItineraryHistoryScreen.swift */,
				649867AA9B371F9DFEBFA1D6 /* ItineraryMapView.swift */,
				CDF3EE98592638D27438F6F6 /* ItineraryResultScreen.swift */,
				91FC696328F959E184EAF001 /* ItineraryTypeScreen.swift */,
				051F234CAE022E1BEFCACA26 /* MainTabView.swift */,
				1934F13CFAD1B2C50F31869B /* PasteTextScreen.swift */,
				DC97E5C27FF6663E36FA0B43 /* PlannerTabScreen.swift */,
				517BE874E501AEB48881B8C7 /* RestaurantDetailScreen.swift */,
				D844A236861C15BACD90E93C /* TextProcessingScreen.swift */,
				5E5CAB20121F1044A2BA31D1 /* UploadFlowScreen.swift */,
			);
			path = Views;
			sourceTree = "<group>";
		};
/* End PBXGroup section */

/* Begin PBXNativeTarget section */
		AE6010F0439638D3CCCD1690 /* District */ = {
			isa = PBXNativeTarget;
			buildConfigurationList = E299DEB7B98DD42E7E6724F7 /* Build configuration list for PBXNativeTarget "District" */;
			buildPhases = (
				AD3D36F779A4B2286045D57B /* Sources */,
			);
			buildRules = (
			);
			dependencies = (
			);
			name = District;
			packageProductDependencies = (
			);
			productName = District;
			productReference = 65326399E62444EB00FAEBB9 /* District.app */;
			productType = "com.apple.product-type.application";
		};
/* End PBXNativeTarget section */

/* Begin PBXProject section */
		92F39075FCEB6BECD8A97EDD /* Project object */ = {
			isa = PBXProject;
			attributes = {
				BuildIndependentTargetsInParallel = YES;
				LastUpgradeCheck = 1430;
			};
			buildConfigurationList = E94C187089C9BCB7B1B0A75E /* Build configuration list for PBXProject "District" */;
			compatibilityVersion = "Xcode 14.0";
			developmentRegion = en;
			hasScannedForEncodings = 0;
			knownRegions = (
				Base,
				en,
			);
			mainGroup = 3E4A7E32AD9EE96541897B7C;
			minimizedProjectReferenceProxies = 1;
			preferredProjectObjectVersion = 77;
			projectDirPath = "";
			projectRoot = "";
			targets = (
				AE6010F0439638D3CCCD1690 /* District */,
			);
		};
/* End PBXProject section */

/* Begin PBXSourcesBuildPhase section */
		AD3D36F779A4B2286045D57B /* Sources */ = {
			isa = PBXSourcesBuildPhase;
			buildActionMask = 2147483647;
			files = (
				05DF5E16F2A79491B02FB33C /* CartManager.swift in Sources */,
				6C0E17439243A842A2F7078B /* CartScreen.swift in Sources */,
				70A31D171A8F0FC197039125 /* ChatFlowScreen.swift in Sources */,
				8048841506072F98E568FAC6 /* DistrictApp.swift in Sources */,
				60584899C76FA8A00E259F44 /* FoodHomeScreen.swift in Sources */,
				1CE9452D8E045A5B19F6C549 /* ImageAnalysisService.swift in Sources */,
				2A1E18EAD331FEB47EC145BD /* ItineraryHistoryScreen.swift in Sources */,
				BC4E8A8C6738CFB0907BBF55 /* ItineraryMapView.swift in Sources */,
				1C8AEB179CB61703D7D05DA5 /* ItineraryModels.swift in Sources */,
				A367FA004015D504789449DE /* ItineraryResultScreen.swift in Sources */,
				D08704A274B9D67AE537F9B8 /* ItineraryStore.swift in Sources */,
				645D54435A106434E222F533 /* ItineraryTypeScreen.swift in Sources */,
				6F687A2946D4265C3F836921 /* MainTabView.swift in Sources */,
				826AA212582629DF71578248 /* PasteTextScreen.swift in Sources */,
				BD2C0525F53825FB128F446D /* PlannerTabScreen.swift in Sources */,
				8DE36FF5CAECAB2D4FA42350 /* RestaurantDetailScreen.swift in Sources */,
				0F7B43BC17E2FC92062A77BA /* TextProcessingScreen.swift in Sources */,
				DD640419286388DEE789DCAA /* Theme.swift in Sources */,
				3E192D36DE33A7449561A5CF /* UploadFlowScreen.swift in Sources */,
			);
			runOnlyForDeploymentPostprocessing = 0;
		};
/* End PBXSourcesBuildPhase section */

/* Begin XCBuildConfiguration section */
		366C8927743D383D9B11EBB1 /* Release */ = {
			isa = XCBuildConfiguration;
			buildSettings = {
				ASSETCATALOG_COMPILER_APPICON_NAME = AppIcon;
				CODE_SIGN_IDENTITY = "iPhone Developer";
				INFOPLIST_FILE = Info.plist;
				IPHONEOS_DEPLOYMENT_TARGET = 17.0;
				LD_RUNPATH_SEARCH_PATHS = (
					"$(inherited)",
					"@executable_path/Frameworks",
				);
				PRODUCT_BUNDLE_IDENTIFIER = com.district.District;
				SDKROOT = iphoneos;
				TARGETED_DEVICE_FAMILY = "1,2";
			};
			name = Release;
		};
		4CAB6724F30882378D3EDCF1 /* Release */ = {
			isa = XCBuildConfiguration;
			buildSettings = {
				ALWAYS_SEARCH_USER_PATHS = NO;
				CLANG_ANALYZER_NONNULL = YES;
				CLANG_ANALYZER_NUMBER_OBJECT_CONVERSION = YES_AGGRESSIVE;
				CLANG_CXX_LANGUAGE_STANDARD = "gnu++14";
				CLANG_CXX_LIBRARY = "libc++";
				CLANG_ENABLE_MODULES = YES;
				CLANG_ENABLE_OBJC_ARC = YES;
				CLANG_ENABLE_OBJC_WEAK = YES;
				CLANG_WARN_BLOCK_CAPTURE_AUTORELEASING = YES;
				CLANG_WARN_BOOL_CONVERSION = YES;
				CLANG_WARN_COMMA = YES;
				CLANG_WARN_CONSTANT_CONVERSION = YES;
				CLANG_WARN_DEPRECATED_OBJC_IMPLEMENTATIONS = YES;
				CLANG_WARN_DIRECT_OBJC_ISA_USAGE = YES_ERROR;
				CLANG_WARN_DOCUMENTATION_COMMENTS = YES;
				CLANG_WARN_EMPTY_BODY = YES;
				CLANG_WARN_ENUM_CONVERSION = YES;
				CLANG_WARN_INFINITE_RECURSION = YES;
				CLANG_WARN_INT_CONVERSION = YES;
				CLANG_WARN_NON_LITERAL_NULL_CONVERSION = YES;
				CLANG_WARN_OBJC_IMPLICIT_RETAIN_SELF = YES;
				CLANG_WARN_OBJC_LITERAL_CONVERSION = YES;
				CLANG_WARN_OBJC_ROOT_CLASS = YES_ERROR;
				CLANG_WARN_QUOTED_INCLUDE_IN_FRAMEWORK_HEADER = YES;
				CLANG_WARN_RANGE_LOOP_ANALYSIS = YES;
				CLANG_WARN_STRICT_PROTOTYPES = YES;
				CLANG_WARN_SUSPICIOUS_MOVE = YES;
				CLANG_WARN_UNGUARDED_AVAILABILITY = YES_AGGRESSIVE;
				CLANG_WARN_UNREACHABLE_CODE = YES;
				CLANG_WARN__DUPLICATE_METHOD_MATCH = YES;
				COPY_PHASE_STRIP = NO;
				DEBUG_INFORMATION_FORMAT = "dwarf-with-dsym";
				ENABLE_NS_ASSERTIONS = NO;
				ENABLE_STRICT_OBJC_MSGSEND = YES;
				GCC_C_LANGUAGE_STANDARD = gnu11;
				GCC_NO_COMMON_BLOCKS = YES;
				GCC_WARN_64_TO_32_BIT_CONVERSION = YES;
				GCC_WARN_ABOUT_RETURN_TYPE = YES_ERROR;
				GCC_WARN_UNDECLARED_SELECTOR = YES;
				GCC_WARN_UNINITIALIZED_AUTOS = YES_AGGRESSIVE;
				GCC_WARN_UNUSED_FUNCTION = YES;
				GCC_WARN_UNUSED_VARIABLE = YES;
				MTL_ENABLE_DEBUG_INFO = NO;
				MTL_FAST_MATH = YES;
				PRODUCT_NAME = "$(TARGET_NAME)";
				SDKROOT = iphoneos;
				SWIFT_COMPILATION_MODE = wholemodule;
				SWIFT_OPTIMIZATION_LEVEL = "-O";
				SWIFT_VERSION = 5.0;
			};
			name = Release;
		};
		960128880387F4BC4F1A5F1F /* Debug */ = {
			isa = XCBuildConfiguration;
			buildSettings = {
				ASSETCATALOG_COMPILER_APPICON_NAME = AppIcon;
				CODE_SIGN_IDENTITY = "iPhone Developer";
				INFOPLIST_FILE = Info.plist;
				IPHONEOS_DEPLOYMENT_TARGET = 17.0;
				LD_RUNPATH_SEARCH_PATHS = (
					"$(inherited)",
					"@executable_path/Frameworks",
				);
				PRODUCT_BUNDLE_IDENTIFIER = com.district.District;
				SDKROOT = iphoneos;
				TARGETED_DEVICE_FAMILY = "1,2";
			};
			name = Debug;
		};
		A4B9EE8E2B38CBE57E354D72 /* Debug */ = {
			isa = XCBuildConfiguration;
			buildSettings = {
				ALWAYS_SEARCH_USER_PATHS = NO;
				CLANG_ANALYZER_NONNULL = YES;
				CLANG_ANALYZER_NUMBER_OBJECT_CONVERSION = YES_AGGRESSIVE;
				CLANG_CXX_LANGUAGE_STANDARD = "gnu++14";
				CLANG_CXX_LIBRARY = "libc++";
				CLANG_ENABLE_MODULES = YES;
				CLANG_ENABLE_OBJC_ARC = YES;
				CLANG_ENABLE_OBJC_WEAK = YES;
				CLANG_WARN_BLOCK_CAPTURE_AUTORELEASING = YES;
				CLANG_WARN_BOOL_CONVERSION = YES;
				CLANG_WARN_COMMA = YES;
				CLANG_WARN_CONSTANT_CONVERSION = YES;
				CLANG_WARN_DEPRECATED_OBJC_IMPLEMENTATIONS = YES;
				CLANG_WARN_DIRECT_OBJC_ISA_USAGE = YES_ERROR;
				CLANG_WARN_DOCUMENTATION_COMMENTS = YES;
				CLANG_WARN_EMPTY_BODY = YES;
				CLANG_WARN_ENUM_CONVERSION = YES;
				CLANG_WARN_INFINITE_RECURSION = YES;
				CLANG_WARN_INT_CONVERSION = YES;
				CLANG_WARN_NON_LITERAL_NULL_CONVERSION = YES;
				CLANG_WARN_OBJC_IMPLICIT_RETAIN_SELF = YES;
				CLANG_WARN_OBJC_LITERAL_CONVERSION = YES;
				CLANG_WARN_OBJC_ROOT_CLASS = YES_ERROR;
				CLANG_WARN_QUOTED_INCLUDE_IN_FRAMEWORK_HEADER = YES;
				CLANG_WARN_RANGE_LOOP_ANALYSIS = YES;
				CLANG_WARN_STRICT_PROTOTYPES = YES;
				CLANG_WARN_SUSPICIOUS_MOVE = YES;
				CLANG_WARN_UNGUARDED_AVAILABILITY = YES_AGGRESSIVE;
				CLANG_WARN_UNREACHABLE_CODE = YES;
				CLANG_WARN__DUPLICATE_METHOD_MATCH = YES;
				COPY_PHASE_STRIP = NO;
				DEBUG_INFORMATION_FORMAT = dwarf;
				ENABLE_STRICT_OBJC_MSGSEND = YES;
				ENABLE_TESTABILITY = YES;
				GCC_C_LANGUAGE_STANDARD = gnu11;
				GCC_DYNAMIC_NO_PIC = NO;
				GCC_NO_COMMON_BLOCKS = YES;
				GCC_OPTIMIZATION_LEVEL = 0;
				GCC_PREPROCESSOR_DEFINITIONS = (
					"$(inherited)",
					"DEBUG=1",
				);
				GCC_WARN_64_TO_32_BIT_CONVERSION = YES;
				GCC_WARN_ABOUT_RETURN_TYPE = YES_ERROR;
				GCC_WARN_UNDECLARED_SELECTOR = YES;
				GCC_WARN_UNINITIALIZED_AUTOS = YES_AGGRESSIVE;
				GCC_WARN_UNUSED_FUNCTION = YES;
				GCC_WARN_UNUSED_VARIABLE = YES;
				MTL_ENABLE_DEBUG_INFO = INCLUDE_SOURCE;
				MTL_FAST_MATH = YES;
				ONLY_ACTIVE_ARCH = YES;
				PRODUCT_NAME = "$(TARGET_NAME)";
				SDKROOT = iphoneos;
				SWIFT_ACTIVE_COMPILATION_CONDITIONS = DEBUG;
				SWIFT_OPTIMIZATION_LEVEL = "-Onone";
				SWIFT_VERSION = 5.0;
			};
			name = Debug;
		};
/* End XCBuildConfiguration section */

/* Begin XCConfigurationList section */
		E299DEB7B98DD42E7E6724F7 /* Build configuration list for PBXNativeTarget "District" */ = {
			isa = XCConfigurationList;
			buildConfigurations = (
				960128880387F4BC4F1A5F1F /* Debug */,
				366C8927743D383D9B11EBB1 /* Release */,
			);
			defaultConfigurationIsVisible = 0;
			defaultConfigurationName = Debug;
		};
		E94C187089C9BCB7B1B0A75E /* Build configuration list for PBXProject "District" */ = {
			isa = XCConfigurationList;
			buildConfigurations = (
				A4B9EE8E2B38CBE57E354D72 /* Debug */,
				4CAB6724F30882378D3EDCF1 /* Release */,
			);
			defaultConfigurationIsVisible = 0;
			defaultConfigurationName = Debug;
		};
/* End XCConfigurationList section */
	};
	rootObject = 92F39075FCEB6BECD8A97EDD /* Project object */;
}
